# THIS IS AN AUTOGENERATED FILE. DO NOT EDIT THIS FILE DIRECTLY.
# yarn lockfile v1


clevertap-web-sdk@^1.2.0:
  version "1.2.0"
  resolved "https://registry.yarnpkg.com/clevertap-web-sdk/-/clevertap-web-sdk-1.2.0.tgz#d63c46406bad1863e2b7b00c5dde77bf36a7500e"
  integrity sha512-yzJVjzNFscbCrx2815NvDdDfKuW8rHVX+oESA14Xzwrr/ZyxauLoDkhF+lhSvfHpyOPc6qqaqt71rCl2Hk2W6g==
